
Microsoft Visual Studio Solution File, Format Version 12.00
# Visual Studio 2012
Project("{FAE04EC0-301F-11D3-BF4B-00C04F79EFBC}") = "Auto_Warehouse", "Auto_Warehouse\Auto_Warehouse.csproj", "{FC9590AF-AF95-4F08-932D-81E49B2ABB82}"
EndProject
Global
	GlobalSection(SolutionConfigurationPlatforms) = preSolution
		Debug|x86 = Debug|x86
		Release|x86 = Release|x86
	EndGlobalSection
	GlobalSection(ProjectConfigurationPlatforms) = postSolution
		{FC9590AF-AF95-4F08-932D-81E49B2ABB82}.Debug|x86.ActiveCfg = Debug|x86
		{FC9590AF-AF95-4F08-932D-81E49B2ABB82}.Debug|x86.Build.0 = Debug|x86
		{FC9590AF-AF95-4F08-932D-81E49B2ABB82}.Release|x86.ActiveCfg = Release|x86
		{FC9590AF-AF95-4F08-932D-81E49B2ABB82}.Release|x86.Build.0 = Release|x86
	EndGlobalSection
EndGlobal
